Microsoft Visual Studio Solution File, Format Version 10.00
# Visual Studio 2008
Project("{8BC9CEB8-8B4A-11D0-8D11-00A0C91BC942}") = "libclipper", "..\..\external\libclipper\vc2008\shared\libclipper.vcproj", "{C815108D-1A95-465C-AC91-E92FBC2173F1}"
EndProject
Project("{8BC9CEB8-8B4A-11D0-8D11-00A0C91BC942}") = "libclipper_static", "..\..\external\libclipper\vc2008\static\libclipper_static.vcproj", "{4CBD736C-ADA7-4B9D-BB4F-4A34BA55BF82}"
EndProject
Project("{8BC9CEB8-8B4A-11D0-8D11-00A0C91BC942}") = "libgeometry", "..\..\libgeometry\vc2008\shared\libgeometry.vcproj", "{1FD139FC-0C4A-4F5C-8C3A-4F70D5728F2D}"
EndProject
Project("{8BC9CEB8-8B4A-11D0-8D11-00A0C91BC942}") = "libgeometry_static", "..\..\libgeometry\vc2008\static\libgeometry_static.vcproj", "{4245E032-AF70-4694-95BD-CAAB29B2F40D}"
EndProject
Project("{8BC9CEB8-8B4A-11D0-8D11-00A0C91BC942}") = "libgenerics", "..\..\libgenerics\vc2008\shared\libgenerics.vcproj", "{81294828-54CC-449E-B715-7700231D50DD}"
EndProject
Project("{8BC9CEB8-8B4A-11D0-8D11-00A0C91BC942}") = "libgenerics_static", "..\..\libgenerics\vc2008\static\libgenerics_static.vcproj", "{08CC9B6A-FD27-4D04-A99A-961AC4E26907}"
EndProject
Global
	GlobalSection(SolutionConfigurationPlatforms) = preSolution
		Debug|Win32 = Debug|Win32
		Release|Win32 = Release|Win32
	EndGlobalSection
	GlobalSection(ProjectConfigurationPlatforms) = postSolution
		{C815108D-1A95-465C-AC91-E92FBC2173F1}.Debug|Win32.ActiveCfg = Debug|Win32
		{C815108D-1A95-465C-AC91-E92FBC2173F1}.Debug|Win32.Build.0 = Debug|Win32
		{C815108D-1A95-465C-AC91-E92FBC2173F1}.Release|Win32.ActiveCfg = Release|Win32
		{C815108D-1A95-465C-AC91-E92FBC2173F1}.Release|Win32.Build.0 = Release|Win32
		{4CBD736C-ADA7-4B9D-BB4F-4A34BA55BF82}.Debug|Win32.ActiveCfg = Debug|Win32
		{4CBD736C-ADA7-4B9D-BB4F-4A34BA55BF82}.Debug|Win32.Build.0 = Debug|Win32
		{4CBD736C-ADA7-4B9D-BB4F-4A34BA55BF82}.Release|Win32.ActiveCfg = Release|Win32
		{4CBD736C-ADA7-4B9D-BB4F-4A34BA55BF82}.Release|Win32.Build.0 = Release|Win32
		{1FD139FC-0C4A-4F5C-8C3A-4F70D5728F2D}.Debug|Win32.ActiveCfg = Debug|Win32
		{1FD139FC-0C4A-4F5C-8C3A-4F70D5728F2D}.Debug|Win32.Build.0 = Debug|Win32
		{1FD139FC-0C4A-4F5C-8C3A-4F70D5728F2D}.Release|Win32.ActiveCfg = Release|Win32
		{1FD139FC-0C4A-4F5C-8C3A-4F70D5728F2D}.Release|Win32.Build.0 = Release|Win32
		{4245E032-AF70-4694-95BD-CAAB29B2F40D}.Debug|Win32.ActiveCfg = Debug|Win32
		{4245E032-AF70-4694-95BD-CAAB29B2F40D}.Debug|Win32.Build.0 = Debug|Win32
		{4245E032-AF70-4694-95BD-CAAB29B2F40D}.Release|Win32.ActiveCfg = Release|Win32
		{4245E032-AF70-4694-95BD-CAAB29B2F40D}.Release|Win32.Build.0 = Release|Win32
		{81294828-54CC-449E-B715-7700231D50DD}.Debug|Win32.ActiveCfg = Debug|Win32
		{81294828-54CC-449E-B715-7700231D50DD}.Debug|Win32.Build.0 = Debug|Win32
		{81294828-54CC-449E-B715-7700231D50DD}.Release|Win32.ActiveCfg = Release|Win32
		{81294828-54CC-449E-B715-7700231D50DD}.Release|Win32.Build.0 = Release|Win32
		{08CC9B6A-FD27-4D04-A99A-961AC4E26907}.Debug|Win32.ActiveCfg = Debug|Win32
		{08CC9B6A-FD27-4D04-A99A-961AC4E26907}.Debug|Win32.Build.0 = Debug|Win32
		{08CC9B6A-FD27-4D04-A99A-961AC4E26907}.Release|Win32.ActiveCfg = Release|Win32
		{08CC9B6A-FD27-4D04-A99A-961AC4E26907}.Release|Win32.Build.0 = Release|Win32
	EndGlobalSection
	GlobalSection(SolutionProperties) = preSolution
		HideSolutionNode = FALSE
	EndGlobalSection
EndGlobal
